
Microsoft Visual Studio Solution File, Format Version 12.00
# Visual Studio Version 17
VisualStudioVersion = 17.11.35222.181
MinimumVisualStudioVersion = 10.0.40219.1
Project("{FAE04EC0-301F-11D3-BF4B-00C04F79EFBC}") = "ClothesCheckAPI", "ClothesCheckAPI\ClothesCheckAPI.csproj", "{FEB7BB1C-2CD4-460C-B3BB-4F61192B0DF9}"
EndProject
Global
	GlobalSection(SolutionConfigurationPlatforms) = preSolution
		Debug|Any CPU = Debug|Any CPU
		Release|Any CPU = Release|Any CPU
	EndGlobalSection
	GlobalSection(ProjectConfigurationPlatforms) = postSolution
		{FEB7BB1C-2CD4-460C-B3BB-4F61192B0DF9}.Debug|Any CPU.ActiveCfg = Debug|Any CPU
		{FEB7BB1C-2CD4-460C-B3BB-4F61192B0DF9}.Debug|Any CPU.Build.0 = Debug|Any CPU
		{FEB7BB1C-2CD4-460C-B3BB-4F61192B0DF9}.Release|Any CPU.ActiveCfg = Release|Any CPU
		{FEB7BB1C-2CD4-460C-B3BB-4F61192B0DF9}.Release|Any CPU.Build.0 = Release|Any CPU
	EndGlobalSection
	GlobalSection(SolutionProperties) = preSolution
		HideSolutionNode = FALSE
	EndGlobalSection
	GlobalSection(ExtensibilityGlobals) = postSolution
		SolutionGuid = {CB4391A7-E8DF-48B3-972B-FF7B7A7FFA6B}
	EndGlobalSection
EndGlobal
